
Microsoft Visual Studio Solution File, Format Version 12.00
# Visual Studio Version 17
VisualStudioVersion = 17.12.35527.113
MinimumVisualStudioVersion = 10.0.40219.1
Project("{FAE04EC0-301F-11D3-BF4B-00C04F79EFBC}") = "Significa.AspNetCore.Csp", "src\Significa.AspNetCore.Csp.csproj", "{8C24F9A8-7301-4B40-B093-7C7BEDFC3FC1}"
EndProject
Project("{FAE04EC0-301F-11D3-BF4B-00C04F79EFBC}") = "Significa.AspNetCore.Csp.Tests", "tests\Significa.AspNetCore.Csp.Tests.csproj", "{DACC6BA9-2BA8-4E37-B5EB-EE91EA439146}"
EndProject
Global
	GlobalSection(SolutionConfigurationPlatforms) = preSolution
		Debug|Any CPU = Debug|Any CPU
		Release|Any CPU = Release|Any CPU
	EndGlobalSection
	GlobalSection(ProjectConfigurationPlatforms) = postSolution
		{8C24F9A8-7301-4B40-B093-7C7BEDFC3FC1}.Debug|Any CPU.ActiveCfg = Debug|Any CPU
		{8C24F9A8-7301-4B40-B093-7C7BEDFC3FC1}.Debug|Any CPU.Build.0 = Debug|Any CPU
		{8C24F9A8-7301-4B40-B093-7C7BEDFC3FC1}.Release|Any CPU.ActiveCfg = Release|Any CPU
		{8C24F9A8-7301-4B40-B093-7C7BEDFC3FC1}.Release|Any CPU.Build.0 = Release|Any CPU
		{DACC6BA9-2BA8-4E37-B5EB-EE91EA439146}.Debug|Any CPU.ActiveCfg = Debug|Any CPU
		{DACC6BA9-2BA8-4E37-B5EB-EE91EA439146}.Debug|Any CPU.Build.0 = Debug|Any CPU
		{DACC6BA9-2BA8-4E37-B5EB-EE91EA439146}.Release|Any CPU.ActiveCfg = Release|Any CPU
		{DACC6BA9-2BA8-4E37-B5EB-EE91EA439146}.Release|Any CPU.Build.0 = Release|Any CPU
	EndGlobalSection
	GlobalSection(SolutionProperties) = preSolution
		HideSolutionNode = FALSE
	EndGlobalSection
EndGlobal
